{
  "version": 4,
  "terraform_version": "1.4.6",
  "serial": 7,
  "lineage": "cb2cc10a-64a7-41db-5b01-32e98b8b94ad",
  "outputs": {},
  "resources": [
    {
      "mode": "managed",
      "type": "aws_iam_access_key",
      "name": "ebs_csi_driver",
      "provider": "provider[\"registry.terraform.io/hashicorp/aws\"]",
      "instances": [
        {
          "schema_version": 0,
          "attributes": {
            "create_date": "2023-05-10T07:30:31Z",
            "encrypted_secret": null,
            "encrypted_ses_smtp_password_v4": null,
            "id": "AKIASXPQUJB6O42TC6F6",
            "key_fingerprint": null,
            "pgp_key": null,
            "secret": "qU18W//keokSF/zHIoPGJ+PiFjWPjHIqSQ+/6OwK",
            "ses_smtp_password_v4": "BI5uxSjXuFPyhkrSFtIaGlrACvur+sYnzplHD8CNa2ZL",
            "status": "Active",
            "user": "ebs-csi-driver"
          },
          "sensitive_attributes": [],
          "private": "bnVsbA==",
          "dependencies": [
            "aws_iam_user.ebs_csi_driver"
          ]
        }
      ]
    },
    {
      "mode": "managed",
      "type": "aws_iam_user",
      "name": "ebs_csi_driver",
      "provider": "provider[\"registry.terraform.io/hashicorp/aws\"]",
      "instances": [
        {
          "schema_version": 0,
          "attributes": {
            "arn": "arn:aws:iam::187872594044:user/projects/kubernetes-storage-with-aws-ebs-driver/ebs-csi-driver",
            "force_destroy": false,
            "id": "ebs-csi-driver",
            "name": "ebs-csi-driver",
            "path": "/projects/kubernetes-storage-with-aws-ebs-driver/",
            "permissions_boundary": null,
            "tags": {},
            "tags_all": {
              "project": "kubernetes-storage-with-aws-ebs-driver"
            },
            "unique_id": "AIDASXPQUJB6KTRR7MSW4"
          },
          "sensitive_attributes": [],
          "private": "bnVsbA=="
        }
      ]
    },
    {
      "mode": "managed",
      "type": "aws_iam_user_policy_attachment",
      "name": "ebs_csi_driver",
      "provider": "provider[\"registry.terraform.io/hashicorp/aws\"]",
      "instances": [
        {
          "schema_version": 0,
          "attributes": {
            "id": "ebs-csi-driver-20230510072458446300000001",
            "policy_arn": "arn:aws:iam::aws:policy/service-role/AmazonEBSCSIDriverPolicy",
            "user": "ebs-csi-driver"
          },
          "sensitive_attributes": [],
          "private": "bnVsbA==",
          "dependencies": [
            "aws_iam_user.ebs_csi_driver"
          ]
        }
      ]
    },
    {
      "mode": "managed",
      "type": "null_resource",
      "name": "output_ebs_csi_driver_aws_keys",
      "provider": "provider[\"registry.terraform.io/hashicorp/null\"]",
      "instances": [
        {
          "status": "tainted",
          "schema_version": 0,
          "attributes": {
            "id": "769862845134674568",
            "triggers": null
          },
          "sensitive_attributes": [],
          "dependencies": [
            "aws_iam_access_key.ebs_csi_driver",
            "aws_iam_user.ebs_csi_driver"
          ]
        }
      ]
    }
  ],
  "check_results": null
}
